<?xml version="1.0" encoding="utf-8"?>
<Project ToolsVersion="4.0" xmlns="http://schemas.microsoft.com/developer/msbuild/2003">
  <ItemGroup>
    <ClCompile Include="FbxMemStream.cpp" />
    <ClCompile Include="Glove.cpp" />
    <ClCompile Include="Manus.cpp" />
    <ClCompile Include="ManusMath.cpp" />
    <ClCompile Include="matrix.cpp" />
    <ClCompile Include="SkeletalModel.cpp" />
    <ClCompile Include="stdafx.cpp" />
    <ClCompile Include="WinDevices.cpp" />
  </ItemGroup>
  <ItemGroup>
    <ClInclude Include="Devices.h" />
    <ClInclude Include="FbxMemStream.h" />
    <ClInclude Include="Glove.h" />
    <ClInclude Include="Manus.h" />
    <ClInclude Include="ManusMath.h" />
    <ClInclude Include="matrix.h" />
    <ClInclude Include="resource.h" />
    <ClInclude Include="SkeletalModel.h" />
    <ClInclude Include="stdafx.h" />
    <ClInclude Include="targetver.h" />
    <ClInclude Include="types.h" />
    <ClInclude Include="WinDevices.h" />
  </ItemGroup>
  <ItemGroup>
    <ResourceCompile Include="Manus.rc" />
  </ItemGroup>
  <ItemGroup>
    <None Include="Manus_Handv2_Left_Meshless.FBX" />
    <None Include="Manus_Handv2_Right_Meshless.FBX" />
  </ItemGroup>
</Project>