<?xml version="1.0" encoding="utf-8"?>
<Project ToolsVersion="4.0" xmlns="http://schemas.microsoft.com/developer/msbuild/2003">
  <ItemGroup>
    <Filter Include="Source Files">
      <UniqueIdentifier>{4FC737F1-C7A5-4376-A066-2A32D752A2FF}</UniqueIdentifier>
      <Extensions>cpp;c;cc;cxx;def;odl;idl;hpj;bat;asm;asmx</Extensions>
    </Filter>
    <Filter Include="Header Files">
      <UniqueIdentifier>{93995380-89BD-4b04-88EB-625FBE52EBFB}</UniqueIdentifier>
      <Extensions>h;hh;hpp;hxx;hm;inl;inc;xsd</Extensions>
    </Filter>
    <Filter Include="Resource Files">
      <UniqueIdentifier>{67DA6AB6-F800-4c08-8B7A-83BB121AAD01}</UniqueIdentifier>
      <Extensions>rc;ico;cur;bmp;dlg;rc2;rct;bin;rgs;gif;jpg;jpeg;jpe;resx;tiff;tif;png;wav;mfcribbon-ms</Extensions>
    </Filter>
    <Filter Include="sensorFusion">
      <UniqueIdentifier>{5ce47c8a-1d9a-475b-9ab3-957eb1db4255}</UniqueIdentifier>
    </Filter>
    <Filter Include="sensorFusion\Header">
      <UniqueIdentifier>{297362a4-9f4e-414d-b756-7bbad7db22da}</UniqueIdentifier>
    </Filter>
  </ItemGroup>
  <ItemGroup>
    <ClInclude Include="stdafx.h">
      <Filter>Header Files</Filter>
    </ClInclude>
    <ClInclude Include="targetver.h">
      <Filter>Header Files</Filter>
    </ClInclude>
    <ClInclude Include="Manus.h">
      <Filter>Header Files</Filter>
    </ClInclude>
    <ClInclude Include="Glove.h">
      <Filter>Header Files</Filter>
    </ClInclude>
    <ClInclude Include="Devices.h">
      <Filter>Header Files</Filter>
    </ClInclude>
    <ClInclude Include="WinDevices.h">
      <Filter>Header Files</Filter>
    </ClInclude>
    <ClInclude Include="matrix.h">
      <Filter>Header Files</Filter>
    </ClInclude>
    <ClInclude Include="approximations.h">
      <Filter>sensorFusion\Header</Filter>
    </ClInclude>
    <ClInclude Include="magnetic.h">
      <Filter>sensorFusion\Header</Filter>
    </ClInclude>
    <ClInclude Include="orientation.h">
      <Filter>sensorFusion\Header</Filter>
    </ClInclude>
    <ClInclude Include="SensorFusion.h">
      <Filter>sensorFusion\Header</Filter>
    </ClInclude>
    <ClInclude Include="types.h">
      <Filter>Header Files</Filter>
    </ClInclude>
    <ClInclude Include="SkeletalModel.h">
      <Filter>Header Files</Filter>
    </ClInclude>
    <ClInclude Include="FbxMemStream.h">
      <Filter>Header Files</Filter>
    </ClInclude>
    <ClInclude Include="resource.h">
      <Filter>Header Files</Filter>
    </ClInclude>
    <ClInclude Include="ManusMath.h">
      <Filter>Header Files</Filter>
    </ClInclude>
  </ItemGroup>
  <ItemGroup>
    <ClCompile Include="stdafx.cpp">
      <Filter>Source Files</Filter>
    </ClCompile>
    <ClCompile Include="Manus.cpp">
      <Filter>Source Files</Filter>
    </ClCompile>
    <ClCompile Include="Glove.cpp">
      <Filter>Source Files</Filter>
    </ClCompile>
    <ClCompile Include="WinDevices.cpp">
      <Filter>Source Files</Filter>
    </ClCompile>
    <ClCompile Include="matrix.cpp">
      <Filter>Source Files</Filter>
    </ClCompile>
    <ClCompile Include="approximations.cpp">
      <Filter>sensorFusion</Filter>
    </ClCompile>
    <ClCompile Include="magnetic.cpp">
      <Filter>sensorFusion</Filter>
    </ClCompile>
    <ClCompile Include="orientation.cpp">
      <Filter>sensorFusion</Filter>
    </ClCompile>
    <ClCompile Include="SensorFusion.cpp">
      <Filter>sensorFusion</Filter>
    </ClCompile>
    <ClCompile Include="SkeletalModel.cpp">
      <Filter>Source Files</Filter>
    </ClCompile>
    <ClCompile Include="FbxMemStream.cpp">
      <Filter>Source Files</Filter>
    </ClCompile>
    <ClCompile Include="ManusMath.cpp">
      <Filter>Source Files</Filter>
    </ClCompile>
  </ItemGroup>
  <ItemGroup>
    <None Include="HandModel.fbx">
      <Filter>Resource Files</Filter>
    </None>
  </ItemGroup>
  <ItemGroup>
    <ResourceCompile Include="Manus.rc">
      <Filter>Resource Files</Filter>
    </ResourceCompile>
  </ItemGroup>
</Project>